
Microsoft Visual Studio Solution File, Format Version 12.00
# Visual Studio Version 17
VisualStudioVersion = 17.5.33424.131
MinimumVisualStudioVersion = 10.0.40219.1
Project("{FAE04EC0-301F-11D3-BF4B-00C04F79EFBC}") = "Program", "src\Program.csproj", "{6FA8ADDB-DFEA-458C-88AE-9052220E596A}"
EndProject
Global
	GlobalSection(SolutionConfigurationPlatforms) = preSolution
		Debug|Any CPU = Debug|Any CPU
		Release|Any CPU = Release|Any CPU
	EndGlobalSection
	GlobalSection(ProjectConfigurationPlatforms) = postSolution
		{6FA8ADDB-DFEA-458C-88AE-9052220E596A}.Debug|Any CPU.ActiveCfg = Debug|Any CPU
		{6FA8ADDB-DFEA-458C-88AE-9052220E596A}.Debug|Any CPU.Build.0 = Debug|Any CPU
		{6FA8ADDB-DFEA-458C-88AE-9052220E596A}.Release|Any CPU.ActiveCfg = Release|Any CPU
		{6FA8ADDB-DFEA-458C-88AE-9052220E596A}.Release|Any CPU.Build.0 = Release|Any CPU
	EndGlobalSection
	GlobalSection(SolutionProperties) = preSolution
		HideSolutionNode = FALSE
	EndGlobalSection
	GlobalSection(ExtensibilityGlobals) = postSolution
		SolutionGuid = {18C2902C-AD95-4B84-AE27-53D9602C8DF7}
	EndGlobalSection
EndGlobal
